// !$*UTF8*$!
{
	archiveVersion = 1;
	classes = {
	};
	objectVersion = 46;
	objects = {

/* Begin PBXBuildFile section */
		4D4F65251E42F1A2003518A8 /* AppDelegate.swift in Sources */ = {isa = PBXBuildFile; fileRef = 4D4F65241E42F1A2003518A8 /* AppDelegate.swift */; };
		4D4F65271E42F1A2003518A8 /* LoginController.swift in Sources */ = {isa = PBXBuildFile; fileRef = 4D4F65261E42F1A2003518A8 /* LoginController.swift */; };
		4D4F652A1E42F1A2003518A8 /* Main.storyboard in Resources */ = {isa = PBXBuildFile; fileRef = 4D4F65281E42F1A2003518A8 /* Main.storyboard */; };
		4D4F652D1E42F1A2003518A8 /* Secret_App.xcdatamodeld in Sources */ = {isa = PBXBuildFile; fileRef = 4D4F652B1E42F1A2003518A8 /* Secret_App.xcdatamodeld */; };
		4D4F652F1E42F1A2003518A8 /* Assets.xcassets in Resources */ = {isa = PBXBuildFile; fileRef = 4D4F652E1E42F1A2003518A8 /* Assets.xcassets */; };
		4D4F65321E42F1A2003518A8 /* LaunchScreen.storyboard in Resources */ = {isa = PBXBuildFile; fileRef = 4D4F65301E42F1A2003518A8 /* LaunchScreen.storyboard */; };
		4D4F653D1E42F1A2003518A8 /* Secret_AppTests.swift in Sources */ = {isa = PBXBuildFile; fileRef = 4D4F653C1E42F1A2003518A8 /* Secret_AppTests.swift */; };
		4D4F65481E42F1A2003518A8 /* Secret_AppUITests.swift in Sources */ = {isa = PBXBuildFile; fileRef = 4D4F65471E42F1A2003518A8 /* Secret_AppUITests.swift */; };
		4DD0BD981E48040600A80C40 /* RegistrationController.swift in Sources */ = {isa = PBXBuildFile; fileRef = 4DD0BD971E48040600A80C40 /* RegistrationController.swift */; };
		4DD0BDD61E4805A400A80C40 /* Step1ViewController.swift in Sources */ = {isa = PBXBuildFile; fileRef = 4DD0BDD51E4805A400A80C40 /* Step1ViewController.swift */; };
		4DD0BDD81E4805C800A80C40 /* Step2ViewController.swift in Sources */ = {isa = PBXBuildFile; fileRef = 4DD0BDD71E4805C800A80C40 /* Step2ViewController.swift */; };
		4DD0BDDA1E4805DB00A80C40 /* Step3ViewController.swift in Sources */ = {isa = PBXBuildFile; fileRef = 4DD0BDD91E4805DB00A80C40 /* Step3ViewController.swift */; };
		771051491E4C1CE30044BEAE /* httpRequest.swift in Sources */ = {isa = PBXBuildFile; fileRef = 771051481E4C1CE30044BEAE /* httpRequest.swift */; };
		7735872E1E48254700EED1BD /* SwiftyJSON.swift in Sources */ = {isa = PBXBuildFile; fileRef = 7735872D1E48254700EED1BD /* SwiftyJSON.swift */; };
		774D512E1E49730800E4D86A /* editTasksViewController.swift in Sources */ = {isa = PBXBuildFile; fileRef = 774D512D1E49730800E4D86A /* editTasksViewController.swift */; };
/* End PBXBuildFile section */

/* Begin PBXContainerItemProxy section */
		4D4F65391E42F1A2003518A8 /* PBXContainerItemProxy */ = {
			isa = PBXContainerItemProxy;
			containerPortal = 4D4F65191E42F1A2003518A8 /* Project object */;
			proxyType = 1;
			remoteGlobalIDString = 4D4F65201E42F1A2003518A8;
			remoteInfo = "Secret App";
		};
		4D4F65441E42F1A2003518A8 /* PBXContainerItemProxy */ = {
			isa = PBXContainerItemProxy;
			containerPortal = 4D4F65191E42F1A2003518A8 /* Project object */;
			proxyType = 1;
			remoteGlobalIDString = 4D4F65201E42F1A2003518A8;
			remoteInfo = "Secret App";
		};
/* End PBXContainerItemProxy section */

/* Begin PBXFileReference section */
		4D4F65211E42F1A2003518A8 /* Secret App.app */ = {isa = PBXFileReference; explicitFileType = wrapper.application; includeInIndex = 0; path = "Secret App.app"; sourceTree = BUILT_PRODUCTS_DIR; };
		4D4F65241E42F1A2003518A8 /* AppDelegate.swift */ = {isa = PBXFileReference; lastKnownFileType = sourcecode.swift; path = AppDelegate.swift; sourceTree = "<group>"; };
		4D4F65261E42F1A2003518A8 /* LoginController.swift */ = {isa = PBXFileReference; lastKnownFileType = sourcecode.swift; path = LoginController.swift; sourceTree = "<group>"; };
		4D4F65291E42F1A2003518A8 /* Base */ = {isa = PBXFileReference; lastKnownFileType = file.storyboard; name = Base; path = Base.lproj/Main.storyboard; sourceTree = "<group>"; };
		4D4F652C1E42F1A2003518A8 /* Secret_App.xcdatamodel */ = {isa = PBXFileReference; lastKnownFileType = wrapper.xcdatamodel; path = Secret_App.xcdatamodel; sourceTree = "<group>"; };
		4D4F652E1E42F1A2003518A8 /* Assets.xcassets */ = {isa = PBXFileReference; lastKnownFileType = folder.assetcatalog; path = Assets.xcassets; sourceTree = "<group>"; };
		4D4F65311E42F1A2003518A8 /* Base */ = {isa = PBXFileReference; lastKnownFileType = file.storyboard; name = Base; path = Base.lproj/LaunchScreen.storyboard; sourceTree = "<group>"; };
		4D4F65331E42F1A2003518A8 /* Info.plist */ = {isa = PBXFileReference; lastKnownFileType = text.plist.xml; path = Info.plist; sourceTree = "<group>"; };
		4D4F65381E42F1A2003518A8 /* Secret AppTests.xctest */ = {isa = PBXFileReference; explicitFileType = wrapper.cfbundle; includeInIndex = 0; path = "Secret AppTests.xctest"; sourceTree = BUILT_PRODUCTS_DIR; };
		4D4F653C1E42F1A2003518A8 /* Secret_AppTests.swift */ = {isa = PBXFileReference; lastKnownFileType = sourcecode.swift; path = Secret_AppTests.swift; sourceTree = "<group>"; };
		4D4F653E1E42F1A2003518A8 /* Info.plist */ = {isa = PBXFileReference; lastKnownFileType = text.plist.xml; path = Info.plist; sourceTree = "<group>"; };
		4D4F65431E42F1A2003518A8 /* Secret AppUITests.xctest */ = {isa = PBXFileReference; explicitFileType = wrapper.cfbundle; includeInIndex = 0; path = "Secret AppUITests.xctest"; sourceTree = BUILT_PRODUCTS_DIR; };
		4D4F65471E42F1A2003518A8 /* Secret_AppUITests.swift */ = {isa = PBXFileReference; lastKnownFileType = sourcecode.swift; path = Secret_AppUITests.swift; sourceTree = "<group>"; };
		4D4F65491E42F1A2003518A8 /* Info.plist */ = {isa = PBXFileReference; lastKnownFileType = text.plist.xml; path = Info.plist; sourceTree = "<group>"; };
		4DD0BD971E48040600A80C40 /* RegistrationController.swift */ = {isa = PBXFileReference; fileEncoding = 4; lastKnownFileType = sourcecode.swift; path = RegistrationController.swift; sourceTree = "<group>"; };
		4DD0BDD51E4805A400A80C40 /* Step1ViewController.swift */ = {isa = PBXFileReference; fileEncoding = 4; lastKnownFileType = sourcecode.swift; path = Step1ViewController.swift; sourceTree = "<group>"; };
		4DD0BDD71E4805C800A80C40 /* Step2ViewController.swift */ = {isa = PBXFileReference; fileEncoding = 4; lastKnownFileType = sourcecode.swift; path = Step2ViewController.swift; sourceTree = "<group>"; };
		4DD0BDD91E4805DB00A80C40 /* Step3ViewController.swift */ = {isa = PBXFileReference; fileEncoding = 4; lastKnownFileType = sourcecode.swift; path = Step3ViewController.swift; sourceTree = "<group>"; };
		771051481E4C1CE30044BEAE /* httpRequest.swift */ = {isa = PBXFileReference; fileEncoding = 4; lastKnownFileType = sourcecode.swift; path = httpRequest.swift; sourceTree = "<group>"; };
		7735872D1E48254700EED1BD /* SwiftyJSON.swift */ = {isa = PBXFileReference; fileEncoding = 4; lastKnownFileType = sourcecode.swift; path = SwiftyJSON.swift; sourceTree = "<group>"; };
		774D512D1E49730800E4D86A /* editTasksViewController.swift */ = {isa = PBXFileReference; fileEncoding = 4; lastKnownFileType = sourcecode.swift; path = editTasksViewController.swift; sourceTree = "<group>"; };
/* End PBXFileReference section */

/* Begin PBXFrameworksBuildPhase section */
		4D4F651E1E42F1A2003518A8 /* Frameworks */ = {
			isa = PBXFrameworksBuildPhase;
			buildActionMask = 2147483647;
			files = (
			);
			runOnlyForDeploymentPostprocessing = 0;
		};
		4D4F65351E42F1A2003518A8 /* Frameworks */ = {
			isa = PBXFrameworksBuildPhase;
			buildActionMask = 2147483647;
			files = (
			);
			runOnlyForDeploymentPostprocessing = 0;
		};
		4D4F65401E42F1A2003518A8 /* Frameworks */ = {
			isa = PBXFrameworksBuildPhase;
			buildActionMask = 2147483647;
			files = (
			);
			runOnlyForDeploymentPostprocessing = 0;
		};
/* End PBXFrameworksBuildPhase section */

/* Begin PBXGroup section */
		4D4F65181E42F1A2003518A8 = {
			isa = PBXGroup;
			children = (
				4D4F65231E42F1A2003518A8 /* Secret App */,
				4D4F653B1E42F1A2003518A8 /* Secret AppTests */,
				4D4F65461E42F1A2003518A8 /* Secret AppUITests */,
				4D4F65221E42F1A2003518A8 /* Products */,
			);
			sourceTree = "<group>";
		};
		4D4F65221E42F1A2003518A8 /* Products */ = {
			isa = PBXGroup;
			children = (
				4D4F65211E42F1A2003518A8 /* Secret App.app */,
				4D4F65381E42F1A2003518A8 /* Secret AppTests.xctest */,
				4D4F65431E42F1A2003518A8 /* Secret AppUITests.xctest */,
			);
			name = Products;
			sourceTree = "<group>";
		};
		4D4F65231E42F1A2003518A8 /* Secret App */ = {
			isa = PBXGroup;
			children = (
				4D4F65241E42F1A2003518A8 /* AppDelegate.swift */,
				4D4F65261E42F1A2003518A8 /* LoginController.swift */,
				7735872D1E48254700EED1BD /* SwiftyJSON.swift */,
				4D4F65281E42F1A2003518A8 /* Main.storyboard */,
				4DD0BDD51E4805A400A80C40 /* Step1ViewController.swift */,
				774D512D1E49730800E4D86A /* editTasksViewController.swift */,
				4DD0BDD71E4805C800A80C40 /* Step2ViewController.swift */,
				4DD0BDD91E4805DB00A80C40 /* Step3ViewController.swift */,
				4DD0BD971E48040600A80C40 /* RegistrationController.swift */,
				4D4F652E1E42F1A2003518A8 /* Assets.xcassets */,
				4D4F65301E42F1A2003518A8 /* LaunchScreen.storyboard */,
				4D4F65331E42F1A2003518A8 /* Info.plist */,
				4D4F652B1E42F1A2003518A8 /* Secret_App.xcdatamodeld */,
				771051481E4C1CE30044BEAE /* httpRequest.swift */,
			);
			path = "Secret App";
			sourceTree = "<group>";
		};
		4D4F653B1E42F1A2003518A8 /* Secret AppTests */ = {
			isa = PBXGroup;
			children = (
				4D4F653C1E42F1A2003518A8 /* Secret_AppTests.swift */,
				4D4F653E1E42F1A2003518A8 /* Info.plist */,
			);
			path = "Secret AppTests";
			sourceTree = "<group>";
		};
		4D4F65461E42F1A2003518A8 /* Secret AppUITests */ = {
			isa = PBXGroup;
			children = (
				4D4F65471E42F1A2003518A8 /* Secret_AppUITests.swift */,
				4D4F65491E42F1A2003518A8 /* Info.plist */,
			);
			path = "Secret AppUITests";
			sourceTree = "<group>";
		};
/* End PBXGroup section */

/* Begin PBXNativeTarget section */
		4D4F65201E42F1A2003518A8 /* Secret App */ = {
			isa = PBXNativeTarget;
			buildConfigurationList = 4D4F654C1E42F1A2003518A8 /* Build configuration list for PBXNativeTarget "Secret App" */;
			buildPhases = (
				4D4F651D1E42F1A2003518A8 /* Sources */,
				4D4F651E1E42F1A2003518A8 /* Frameworks */,
				4D4F651F1E42F1A2003518A8 /* Resources */,
			);
			buildRules = (
			);
			dependencies = (
			);
			name = "Secret App";
			productName = "Secret App";
			productReference = 4D4F65211E42F1A2003518A8 /* Secret App.app */;
			productType = "com.apple.product-type.application";
		};
		4D4F65371E42F1A2003518A8 /* Secret AppTests */ = {
			isa = PBXNativeTarget;
			buildConfigurationList = 4D4F654F1E42F1A2003518A8 /* Build configuration list for PBXNativeTarget "Secret AppTests" */;
			buildPhases = (
				4D4F65341E42F1A2003518A8 /* Sources */,
				4D4F65351E42F1A2003518A8 /* Frameworks */,
				4D4F65361E42F1A2003518A8 /* Resources */,
			);
			buildRules = (
			);
			dependencies = (
				4D4F653A1E42F1A2003518A8 /* PBXTargetDependency */,
			);
			name = "Secret AppTests";
			productName = "Secret AppTests";
			productReference = 4D4F65381E42F1A2003518A8 /* Secret AppTests.xctest */;
			productType = "com.apple.product-type.bundle.unit-test";
		};
		4D4F65421E42F1A2003518A8 /* Secret AppUITests */ = {
			isa = PBXNativeTarget;
			buildConfigurationList = 4D4F65521E42F1A2003518A8 /* Build configuration list for PBXNativeTarget "Secret AppUITests" */;
			buildPhases = (
				4D4F653F1E42F1A2003518A8 /* Sources */,
				4D4F65401E42F1A2003518A8 /* Frameworks */,
				4D4F65411E42F1A2003518A8 /* Resources */,
			);
			buildRules = (
			);
			dependencies = (
				4D4F65451E42F1A2003518A8 /* PBXTargetDependency */,
			);
			name = "Secret AppUITests";
			productName = "Secret AppUITests";
			productReference = 4D4F65431E42F1A2003518A8 /* Secret AppUITests.xctest */;
			productType = "com.apple.product-type.bundle.ui-testing";
		};
/* End PBXNativeTarget section */

/* Begin PBXProject section */
		4D4F65191E42F1A2003518A8 /* Project object */ = {
			isa = PBXProject;
			attributes = {
				LastSwiftUpdateCheck = 0820;
				LastUpgradeCheck = 0820;
				ORGANIZATIONNAME = SecretApp;
				TargetAttributes = {
					4D4F65201E42F1A2003518A8 = {
						CreatedOnToolsVersion = 8.2.1;
						DevelopmentTeam = 8E8H925QR9;
						ProvisioningStyle = Automatic;
					};
					4D4F65371E42F1A2003518A8 = {
						CreatedOnToolsVersion = 8.2.1;
						ProvisioningStyle = Automatic;
						TestTargetID = 4D4F65201E42F1A2003518A8;
					};
					4D4F65421E42F1A2003518A8 = {
						CreatedOnToolsVersion = 8.2.1;
						ProvisioningStyle = Automatic;
						TestTargetID = 4D4F65201E42F1A2003518A8;
					};
				};
			};
			buildConfigurationList = 4D4F651C1E42F1A2003518A8 /* Build configuration list for PBXProject "Secret App" */;
			compatibilityVersion = "Xcode 3.2";
			developmentRegion = English;
			hasScannedForEncodings = 0;
			knownRegions = (
				en,
				Base,
			);
			mainGroup = 4D4F65181E42F1A2003518A8;
			productRefGroup = 4D4F65221E42F1A2003518A8 /* Products */;
			projectDirPath = "";
			projectRoot = "";
			targets = (
				4D4F65201E42F1A2003518A8 /* Secret App */,
				4D4F65371E42F1A2003518A8 /* Secret AppTests */,
				4D4F65421E42F1A2003518A8 /* Secret AppUITests */,
			);
		};
/* End PBXProject section */

/* Begin PBXResourcesBuildPhase section */
		4D4F651F1E42F1A2003518A8 /* Resources */ = {
			isa = PBXResourcesBuildPhase;
			buildActionMask = 2147483647;
			files = (
				4D4F65321E42F1A2003518A8 /* LaunchScreen.storyboard in Resources */,
				4D4F652F1E42F1A2003518A8 /* Assets.xcassets in Resources */,
				4D4F652A1E42F1A2003518A8 /* Main.storyboard in Resources */,
			);
			runOnlyForDeploymentPostprocessing = 0;
		};
		4D4F65361E42F1A2003518A8 /* Resources */ = {
			isa = PBXResourcesBuildPhase;
			buildActionMask = 2147483647;
			files = (
			);
			runOnlyForDeploymentPostprocessing = 0;
		};
		4D4F65411E42F1A2003518A8 /* Resources */ = {
			isa = PBXResourcesBuildPhase;
			buildActionMask = 2147483647;
			files = (
			);
			runOnlyForDeploymentPostprocessing = 0;
		};
/* End PBXResourcesBuildPhase section */

/* Begin PBXSourcesBuildPhase section */
		4D4F651D1E42F1A2003518A8 /* Sources */ = {
			isa = PBXSourcesBuildPhase;
			buildActionMask = 2147483647;
			files = (
				4D4F652D1E42F1A2003518A8 /* Secret_App.xcdatamodeld in Sources */,
				771051491E4C1CE30044BEAE /* httpRequest.swift in Sources */,
				7735872E1E48254700EED1BD /* SwiftyJSON.swift in Sources */,
				4DD0BDD81E4805C800A80C40 /* Step2ViewController.swift in Sources */,
				4DD0BDDA1E4805DB00A80C40 /* Step3ViewController.swift in Sources */,
				4D4F65271E42F1A2003518A8 /* LoginController.swift in Sources */,
				4DD0BD981E48040600A80C40 /* RegistrationController.swift in Sources */,
				774D512E1E49730800E4D86A /* editTasksViewController.swift in Sources */,
				4DD0BDD61E4805A400A80C40 /* Step1ViewController.swift in Sources */,
				4D4F65251E42F1A2003518A8 /* AppDelegate.swift in Sources */,
			);
			runOnlyForDeploymentPostprocessing = 0;
		};
		4D4F65341E42F1A2003518A8 /* Sources */ = {
			isa = PBXSourcesBuildPhase;
			buildActionMask = 2147483647;
			files = (
				4D4F653D1E42F1A2003518A8 /* Secret_AppTests.swift in Sources */,
			);
			runOnlyForDeploymentPostprocessing = 0;
		};
		4D4F653F1E42F1A2003518A8 /* Sources */ = {
			isa = PBXSourcesBuildPhase;
			buildActionMask = 2147483647;
			files = (
				4D4F65481E42F1A2003518A8 /* Secret_AppUITests.swift in Sources */,
			);
			runOnlyForDeploymentPostprocessing = 0;
		};
/* End PBXSourcesBuildPhase section */

/* Begin PBXTargetDependency section */
		4D4F653A1E42F1A2003518A8 /* PBXTargetDependency */ = {
			isa = PBXTargetDependency;
			target = 4D4F65201E42F1A2003518A8 /* Secret App */;
			targetProxy = 4D4F65391E42F1A2003518A8 /* PBXContainerItemProxy */;
		};
		4D4F65451E42F1A2003518A8 /* PBXTargetDependency */ = {
			isa = PBXTargetDependency;
			target = 4D4F65201E42F1A2003518A8 /* Secret App */;
			targetProxy = 4D4F65441E42F1A2003518A8 /* PBXContainerItemProxy */;
		};
/* End PBXTargetDependency section */

/* Begin PBXVariantGroup section */
		4D4F65281E42F1A2003518A8 /* Main.storyboard */ = {
			isa = PBXVariantGroup;
			children = (
				4D4F65291E42F1A2003518A8 /* Base */,
			);
			name = Main.storyboard;
			sourceTree = "<group>";
		};
		4D4F65301E42F1A2003518A8 /* LaunchScreen.storyboard */ = {
			isa = PBXVariantGroup;
			children = (
				4D4F65311E42F1A2003518A8 /* Base */,
			);
			name = LaunchScreen.storyboard;
			sourceTree = "<group>";
		};
/* End PBXVariantGroup section */

/* Begin XCBuildConfiguration section */
		4D4F654A1E42F1A2003518A8 /* Debug */ = {
			isa = XCBuildConfiguration;
			buildSettings = {
				ALWAYS_SEARCH_USER_PATHS = NO;
				CLANG_ANALYZER_NONNULL = YES;
				CLANG_CXX_LANGUAGE_STANDARD = "gnu++0x";
				CLANG_CXX_LIBRARY = "libc++";
				CLANG_ENABLE_MODULES = YES;
				CLANG_ENABLE_OBJC_ARC = YES;
				CLANG_WARN_BOOL_CONVERSION = YES;
				CLANG_WARN_CONSTANT_CONVERSION = YES;
				CLANG_WARN_DIRECT_OBJC_ISA_USAGE = YES_ERROR;
				CLANG_WARN_DOCUMENTATION_COMMENTS = YES;
				CLANG_WARN_EMPTY_BODY = YES;
				CLANG_WARN_ENUM_CONVERSION = YES;
				CLANG_WARN_INFINITE_RECURSION = YES;
				CLANG_WARN_INT_CONVERSION = YES;
				CLANG_WARN_OBJC_ROOT_CLASS = YES_ERROR;
				CLANG_WARN_SUSPICIOUS_MOVE = YES;
				CLANG_WARN_UNREACHABLE_CODE = YES;
				CLANG_WARN__DUPLICATE_METHOD_MATCH = YES;
				"CODE_SIGN_IDENTITY[sdk=iphoneos*]" = "iPhone Developer";
				COPY_PHASE_STRIP = NO;
				DEBUG_INFORMATION_FORMAT = dwarf;
				ENABLE_STRICT_OBJC_MSGSEND = YES;
				ENABLE_TESTABILITY = YES;
				GCC_C_LANGUAGE_STANDARD = gnu99;
				GCC_DYNAMIC_NO_PIC = NO;
				GCC_NO_COMMON_BLOCKS = YES;
				GCC_OPTIMIZATION_LEVEL = 0;
				GCC_PREPROCESSOR_DEFINITIONS = (
					"DEBUG=1",
					"$(inherited)",
				);
				GCC_WARN_64_TO_32_BIT_CONVERSION = YES;
				GCC_WARN_ABOUT_RETURN_TYPE = YES_ERROR;
				GCC_WARN_UNDECLARED_SELECTOR = YES;
				GCC_WARN_UNINITIALIZED_AUTOS = YES_AGGRESSIVE;
				GCC_WARN_UNUSED_FUNCTION = YES;
				GCC_WARN_UNUSED_VARIABLE = YES;
				IPHONEOS_DEPLOYMENT_TARGET = 10.2;
				MTL_ENABLE_DEBUG_INFO = YES;
				ONLY_ACTIVE_ARCH = YES;
				SDKROOT = iphoneos;
				SWIFT_ACTIVE_COMPILATION_CONDITIONS = DEBUG;
				SWIFT_OPTIMIZATION_LEVEL = "-Onone";
				TARGETED_DEVICE_FAMILY = "1,2";
			};
			name = Debug;
		};
		4D4F654B1E42F1A2003518A8 /* Release */ = {
			isa = XCBuildConfiguration;
			buildSettings = {
				ALWAYS_SEARCH_USER_PATHS = NO;
				CLANG_ANALYZER_NONNULL = YES;
				CLANG_CXX_LANGUAGE_STANDARD = "gnu++0x";
				CLANG_CXX_LIBRARY = "libc++";
				CLANG_ENABLE_MODULES = YES;
				CLANG_ENABLE_OBJC_ARC = YES;
				CLANG_WARN_BOOL_CONVERSION = YES;
				CLANG_WARN_CONSTANT_CONVERSION = YES;
				CLANG_WARN_DIRECT_OBJC_ISA_USAGE = YES_ERROR;
				CLANG_WARN_DOCUMENTATION_COMMENTS = YES;
				CLANG_WARN_EMPTY_BODY = YES;
				CLANG_WARN_ENUM_CONVERSION = YES;
				CLANG_WARN_INFINITE_RECURSION = YES;
				CLANG_WARN_INT_CONVERSION = YES;
				CLANG_WARN_OBJC_ROOT_CLASS = YES_ERROR;
				CLANG_WARN_SUSPICIOUS_MOVE = YES;
				CLANG_WARN_UNREACHABLE_CODE = YES;
				CLANG_WARN__DUPLICATE_METHOD_MATCH = YES;
				"CODE_SIGN_IDENTITY[sdk=iphoneos*]" = "iPhone Developer";
				COPY_PHASE_STRIP = NO;
				DEBUG_INFORMATION_FORMAT = "dwarf-with-dsym";
				ENABLE_NS_ASSERTIONS = NO;
				ENABLE_STRICT_OBJC_MSGSEND = YES;
				GCC_C_LANGUAGE_STANDARD = gnu99;
				GCC_NO_COMMON_BLOCKS = YES;
				GCC_WARN_64_TO_32_BIT_CONVERSION = YES;
				GCC_WARN_ABOUT_RETURN_TYPE = YES_ERROR;
				GCC_WARN_UNDECLARED_SELECTOR = YES;
				GCC_WARN_UNINITIALIZED_AUTOS = YES_AGGRESSIVE;
				GCC_WARN_UNUSED_FUNCTION = YES;
				GCC_WARN_UNUSED_VARIABLE = YES;
				IPHONEOS_DEPLOYMENT_TARGET = 10.2;
				MTL_ENABLE_DEBUG_INFO = NO;
				SDKROOT = iphoneos;
				SWIFT_OPTIMIZATION_LEVEL = "-Owholemodule";
				TARGETED_DEVICE_FAMILY = "1,2";
				VALIDATE_PRODUCT = YES;
			};
			name = Release;
		};
		4D4F654D1E42F1A2003518A8 /* Debug */ = {
			isa = XCBuildConfiguration;
			buildSettings = {
				ASSETCATALOG_COMPILER_APPICON_NAME = AppIcon;
				DEVELOPMENT_TEAM = 8E8H925QR9;
				INFOPLIST_FILE = "Secret App/Info.plist";
				LD_RUNPATH_SEARCH_PATHS = "$(inherited) @executable_path/Frameworks";
				PRODUCT_BUNDLE_IDENTIFIER = "SA.Secret-App";
				PRODUCT_NAME = "$(TARGET_NAME)";
				SWIFT_VERSION = 3.0;
			};
			name = Debug;
		};
		4D4F654E1E42F1A2003518A8 /* Release */ = {
			isa = XCBuildConfiguration;
			buildSettings = {
				ASSETCATALOG_COMPILER_APPICON_NAME = AppIcon;
				DEVELOPMENT_TEAM = 8E8H925QR9;
				INFOPLIST_FILE = "Secret App/Info.plist";
				LD_RUNPATH_SEARCH_PATHS = "$(inherited) @executable_path/Frameworks";
				PRODUCT_BUNDLE_IDENTIFIER = "SA.Secret-App";
				PRODUCT_NAME = "$(TARGET_NAME)";
				SWIFT_VERSION = 3.0;
			};
			name = Release;
		};
		4D4F65501E42F1A2003518A8 /* Debug */ = {
			isa = XCBuildConfiguration;
			buildSettings = {
				ALWAYS_EMBED_SWIFT_STANDARD_LIBRARIES = YES;
				BUNDLE_LOADER = "$(TEST_HOST)";
				INFOPLIST_FILE = "Secret AppTests/Info.plist";
				LD_RUNPATH_SEARCH_PATHS = "$(inherited) @executable_path/Frameworks @loader_path/Frameworks";
				PRODUCT_BUNDLE_IDENTIFIER = "SA.Secret-AppTests";
				PRODUCT_NAME = "$(TARGET_NAME)";
				SWIFT_VERSION = 3.0;
				TEST_HOST = "$(BUILT_PRODUCTS_DIR)/Secret App.app/Secret App";
			};
			name = Debug;
		};
		4D4F65511E42F1A2003518A8 /* Release */ = {
			isa = XCBuildConfiguration;
			buildSettings = {
				ALWAYS_EMBED_SWIFT_STANDARD_LIBRARIES = YES;
				BUNDLE_LOADER = "$(TEST_HOST)";
				INFOPLIST_FILE = "Secret AppTests/Info.plist";
				LD_RUNPATH_SEARCH_PATHS = "$(inherited) @executable_path/Frameworks @loader_path/Frameworks";
				PRODUCT_BUNDLE_IDENTIFIER = "SA.Secret-AppTests";
				PRODUCT_NAME = "$(TARGET_NAME)";
				SWIFT_VERSION = 3.0;
				TEST_HOST = "$(BUILT_PRODUCTS_DIR)/Secret App.app/Secret App";
			};
			name = Release;
		};
		4D4F65531E42F1A2003518A8 /* Debug */ = {
			isa = XCBuildConfiguration;
			buildSettings = {
				ALWAYS_EMBED_SWIFT_STANDARD_LIBRARIES = YES;
				INFOPLIST_FILE = "Secret AppUITests/Info.plist";
				LD_RUNPATH_SEARCH_PATHS = "$(inherited) @executable_path/Frameworks @loader_path/Frameworks";
				PRODUCT_BUNDLE_IDENTIFIER = "SA.Secret-AppUITests";
				PRODUCT_NAME = "$(TARGET_NAME)";
				SWIFT_VERSION = 3.0;
				TEST_TARGET_NAME = "Secret App";
			};
			name = Debug;
		};
		4D4F65541E42F1A2003518A8 /* Release */ = {
			isa = XCBuildConfiguration;
			buildSettings = {
				ALWAYS_EMBED_SWIFT_STANDARD_LIBRARIES = YES;
				INFOPLIST_FILE = "Secret AppUITests/Info.plist";
				LD_RUNPATH_SEARCH_PATHS = "$(inherited) @executable_path/Frameworks @loader_path/Frameworks";
				PRODUCT_BUNDLE_IDENTIFIER = "SA.Secret-AppUITests";
				PRODUCT_NAME = "$(TARGET_NAME)";
				SWIFT_VERSION = 3.0;
				TEST_TARGET_NAME = "Secret App";
			};
			name = Release;
		};
/* End XCBuildConfiguration section */

/* Begin XCConfigurationList section */
		4D4F651C1E42F1A2003518A8 /* Build configuration list for PBXProject "Secret App" */ = {
			isa = XCConfigurationList;
			buildConfigurations = (
				4D4F654A1E42F1A2003518A8 /* Debug */,
				4D4F654B1E42F1A2003518A8 /* Release */,
			);
			defaultConfigurationIsVisible = 0;
			defaultConfigurationName = Release;
		};
		4D4F654C1E42F1A2003518A8 /* Build configuration list for PBXNativeTarget "Secret App" */ = {
			isa = XCConfigurationList;
			buildConfigurations = (
				4D4F654D1E42F1A2003518A8 /* Debug */,
				4D4F654E1E42F1A2003518A8 /* Release */,
			);
			defaultConfigurationIsVisible = 0;
			defaultConfigurationName = Release;
		};
		4D4F654F1E42F1A2003518A8 /* Build configuration list for PBXNativeTarget "Secret AppTests" */ = {
			isa = XCConfigurationList;
			buildConfigurations = (
				4D4F65501E42F1A2003518A8 /* Debug */,
				4D4F65511E42F1A2003518A8 /* Release */,
			);
			defaultConfigurationIsVisible = 0;
			defaultConfigurationName = Release;
		};
		4D4F65521E42F1A2003518A8 /* Build configuration list for PBXNativeTarget "Secret AppUITests" */ = {
			isa = XCConfigurationList;
			buildConfigurations = (
				4D4F65531E42F1A2003518A8 /* Debug */,
				4D4F65541E42F1A2003518A8 /* Release */,
			);
			defaultConfigurationIsVisible = 0;
			defaultConfigurationName = Release;
		};
/* End XCConfigurationList section */

/* Begin XCVersionGroup section */
		4D4F652B1E42F1A2003518A8 /* Secret_App.xcdatamodeld */ = {
			isa = XCVersionGroup;
			children = (
				4D4F652C1E42F1A2003518A8 /* Secret_App.xcdatamodel */,
			);
			currentVersion = 4D4F652C1E42F1A2003518A8 /* Secret_App.xcdatamodel */;
			path = Secret_App.xcdatamodeld;
			sourceTree = "<group>";
			versionGroupType = wrapper.xcdatamodel;
		};
/* End XCVersionGroup section */
	};
	rootObject = 4D4F65191E42F1A2003518A8 /* Project object */;
}
